github.com/ArtemMartus/go-glib v1.2.3 h1:ZxiwXCBLRh4CHv83YVYA3bG41VVzb7bD4yLuR05j+BY=
github.com/ArtemMartus/go-glib v1.2.3/go.mod h1:uhvJFJfe4EMnrz7v42PatdoXcm4YHcph73BWyndM3sA=
github.com/ArtemMartus/go-gst v1.2.3 h1:VLsPOAVfa6XCma6IOdGwqUS7jnnhVNFgnMYrb+jlScQ=
github.com/ArtemMartus/go-gst v1.2.3/go.mod h1:BeswjYrHDiRyAVGN5dN3mUANC8EQrvLiMIAcJ2x2HIw=
github.com/mattn/go-pointer v0.0.1 h1:n+XhsuGeVO6MEAp7xyEukFINEa+Quek5psIR/ylA6o0=
github.com/mattn/go-pointer v0.0.1/go.mod h1:2zXcozF6qYGgmsG+SeTZz3oAbFLdD3OWqnUbNvJZAlc=
golang.org/x/exp v0.0.0-20240904232852-e7e105dedf7e h1:I88y4caeGeuDQxgdoFPUq097j7kNfw6uvuiNxUBfcBk=
golang.org/x/exp v0.0.0-20240904232852-e7e105dedf7e/go.mod h1:akd2r19cwCdwSwWeIdzYQGa/EZZyqcOdwWiwj5L5eKQ=
golang.org/x/net v0.29.0 h1:5ORfpBpCs4HzDYoodCDBbwHzdR5UrLBZ3sOnUJmFoHo=
golang.org/x/net v0.29.0/go.mod h1:gLkgy8jTGERgjzMic6DS9+SP0ajcu6Xu3Orq/SpETg0=
